
Microsoft Visual Studio Solution File, Format Version 12.00
# Visual Studio Version 17
VisualStudioVersion = 17.14.36518.9 d17.14
MinimumVisualStudioVersion = 10.0.40219.1
Project("{FAE04EC0-301F-11D3-BF4B-00C04F79EFBC}") = "BL", "BL\BL.csproj", "{822F6450-6FC2-4D31-8F49-59DEE8EA0965}"
EndProject
Project("{FAE04EC0-301F-11D3-BF4B-00C04F79EFBC}") = "ML", "ML\ML.csproj", "{3620B1A5-2C2F-4409-B3DA-2F10A15B081C}"
EndProject
Project("{FAE04EC0-301F-11D3-BF4B-00C04F79EFBC}") = "DL", "DL\DL.csproj", "{78962833-215D-44FF-A5A6-75ADF04490CD}"
EndProject
Project("{FAE04EC0-301F-11D3-BF4B-00C04F79EFBC}") = "PL", "PL\PL.csproj", "{93F8BFE3-3F88-482D-B93D-E201E3BB6F04}"
EndProject
Project("{FAE04EC0-301F-11D3-BF4B-00C04F79EFBC}") = "SL", "SL\SL.csproj", "{4C189B38-94D7-4098-9B7B-CDE6A978518C}"
EndProject
Global
	GlobalSection(SolutionConfigurationPlatforms) = preSolution
		Debug|Any CPU = Debug|Any CPU
		Release|Any CPU = Release|Any CPU
	EndGlobalSection
	GlobalSection(ProjectConfigurationPlatforms) = postSolution
		{822F6450-6FC2-4D31-8F49-59DEE8EA0965}.Debug|Any CPU.ActiveCfg = Debug|Any CPU
		{822F6450-6FC2-4D31-8F49-59DEE8EA0965}.Debug|Any CPU.Build.0 = Debug|Any CPU
		{822F6450-6FC2-4D31-8F49-59DEE8EA0965}.Release|Any CPU.ActiveCfg = Release|Any CPU
		{822F6450-6FC2-4D31-8F49-59DEE8EA0965}.Release|Any CPU.Build.0 = Release|Any CPU
		{3620B1A5-2C2F-4409-B3DA-2F10A15B081C}.Debug|Any CPU.ActiveCfg = Debug|Any CPU
		{3620B1A5-2C2F-4409-B3DA-2F10A15B081C}.Debug|Any CPU.Build.0 = Debug|Any CPU
		{3620B1A5-2C2F-4409-B3DA-2F10A15B081C}.Release|Any CPU.ActiveCfg = Release|Any CPU
		{3620B1A5-2C2F-4409-B3DA-2F10A15B081C}.Release|Any CPU.Build.0 = Release|Any CPU
		{78962833-215D-44FF-A5A6-75ADF04490CD}.Debug|Any CPU.ActiveCfg = Debug|Any CPU
		{78962833-215D-44FF-A5A6-75ADF04490CD}.Debug|Any CPU.Build.0 = Debug|Any CPU
		{78962833-215D-44FF-A5A6-75ADF04490CD}.Release|Any CPU.ActiveCfg = Release|Any CPU
		{78962833-215D-44FF-A5A6-75ADF04490CD}.Release|Any CPU.Build.0 = Release|Any CPU
		{93F8BFE3-3F88-482D-B93D-E201E3BB6F04}.Debug|Any CPU.ActiveCfg = Debug|Any CPU
		{93F8BFE3-3F88-482D-B93D-E201E3BB6F04}.Debug|Any CPU.Build.0 = Debug|Any CPU
		{93F8BFE3-3F88-482D-B93D-E201E3BB6F04}.Release|Any CPU.ActiveCfg = Release|Any CPU
		{93F8BFE3-3F88-482D-B93D-E201E3BB6F04}.Release|Any CPU.Build.0 = Release|Any CPU
		{4C189B38-94D7-4098-9B7B-CDE6A978518C}.Debug|Any CPU.ActiveCfg = Debug|Any CPU
		{4C189B38-94D7-4098-9B7B-CDE6A978518C}.Debug|Any CPU.Build.0 = Debug|Any CPU
		{4C189B38-94D7-4098-9B7B-CDE6A978518C}.Release|Any CPU.ActiveCfg = Release|Any CPU
		{4C189B38-94D7-4098-9B7B-CDE6A978518C}.Release|Any CPU.Build.0 = Release|Any CPU
	EndGlobalSection
	GlobalSection(SolutionProperties) = preSolution
		HideSolutionNode = FALSE
	EndGlobalSection
	GlobalSection(ExtensibilityGlobals) = postSolution
		SolutionGuid = {70DF5040-533C-42EF-AF0E-8394B29B6CAC}
	EndGlobalSection
EndGlobal
